
Microsoft Visual Studio Solution File, Format Version 12.00
# Visual Studio Version 16
VisualStudioVersion = 16.0.29001.49
MinimumVisualStudioVersion = 10.0.40219.1
Project("{9A19103F-16F7-4668-BE54-9A1E7A4F7556}") = "EcommerceEcoville", "EcommerceEcoville\EcommerceEcoville.csproj", "{D1AB5EAB-FD46-4C2A-83B0-DC846636BA72}"
EndProject
Project("{9A19103F-16F7-4668-BE54-9A1E7A4F7556}") = "Domain", "Domain\Domain.csproj", "{49F42E50-611D-437C-8366-A6ABAF5FA4C3}"
EndProject
Project("{9A19103F-16F7-4668-BE54-9A1E7A4F7556}") = "Repository", "Repository\Repository.csproj", "{F9DF00FD-5F69-4D2C-87BA-D3B6A3524238}"
EndProject
Project("{FAE04EC0-301F-11D3-BF4B-00C04F79EFBC}") = "API", "API\API.csproj", "{F7469CFD-7FE8-4890-9C2C-4082FA8AD49E}"
EndProject
Global
	GlobalSection(SolutionConfigurationPlatforms) = preSolution
		Debug|Any CPU = Debug|Any CPU
		Release|Any CPU = Release|Any CPU
	EndGlobalSection
	GlobalSection(ProjectConfigurationPlatforms) = postSolution
		{D1AB5EAB-FD46-4C2A-83B0-DC846636BA72}.Debug|Any CPU.ActiveCfg = Debug|Any CPU
		{D1AB5EAB-FD46-4C2A-83B0-DC846636BA72}.Debug|Any CPU.Build.0 = Debug|Any CPU
		{D1AB5EAB-FD46-4C2A-83B0-DC846636BA72}.Release|Any CPU.ActiveCfg = Release|Any CPU
		{D1AB5EAB-FD46-4C2A-83B0-DC846636BA72}.Release|Any CPU.Build.0 = Release|Any CPU
		{49F42E50-611D-437C-8366-A6ABAF5FA4C3}.Debug|Any CPU.ActiveCfg = Debug|Any CPU
		{49F42E50-611D-437C-8366-A6ABAF5FA4C3}.Debug|Any CPU.Build.0 = Debug|Any CPU
		{49F42E50-611D-437C-8366-A6ABAF5FA4C3}.Release|Any CPU.ActiveCfg = Release|Any CPU
		{49F42E50-611D-437C-8366-A6ABAF5FA4C3}.Release|Any CPU.Build.0 = Release|Any CPU
		{F9DF00FD-5F69-4D2C-87BA-D3B6A3524238}.Debug|Any CPU.ActiveCfg = Debug|Any CPU
		{F9DF00FD-5F69-4D2C-87BA-D3B6A3524238}.Debug|Any CPU.Build.0 = Debug|Any CPU
		{F9DF00FD-5F69-4D2C-87BA-D3B6A3524238}.Release|Any CPU.ActiveCfg = Release|Any CPU
		{F9DF00FD-5F69-4D2C-87BA-D3B6A3524238}.Release|Any CPU.Build.0 = Release|Any CPU
		{F7469CFD-7FE8-4890-9C2C-4082FA8AD49E}.Debug|Any CPU.ActiveCfg = Debug|Any CPU
		{F7469CFD-7FE8-4890-9C2C-4082FA8AD49E}.Debug|Any CPU.Build.0 = Debug|Any CPU
		{F7469CFD-7FE8-4890-9C2C-4082FA8AD49E}.Release|Any CPU.ActiveCfg = Release|Any CPU
		{F7469CFD-7FE8-4890-9C2C-4082FA8AD49E}.Release|Any CPU.Build.0 = Release|Any CPU
	EndGlobalSection
	GlobalSection(SolutionProperties) = preSolution
		HideSolutionNode = FALSE
	EndGlobalSection
	GlobalSection(ExtensibilityGlobals) = postSolution
		SolutionGuid = {CB6B7DE2-DA08-497B-A1DD-A83ACBF6DC28}
	EndGlobalSection
EndGlobal
